{
  "name": "app-analysis-front",
  "version": "1.1.1",
  "lockfileVersion": 1,
  "requires": true,
  "dependencies": {
    "add-dom-event-listener": {
      "version": "1.0.2",
      "resolved": "http://registry.npm.taobao.org/add-dom-event-listener/download/add-dom-event-listener-1.0.2.tgz",
      "integrity": "sha1-j67SxBAIchzxEdodMNmVuFvkK+0=",
      "requires": {
        "object-assign": "4.1.1"
      }
    },
    "alpha-order": {
      "version": "1.0.2",
      "resolved": "http://registry.npm.alibaba-inc.com/alpha-order/download/alpha-order-1.0.2.tgz",
      "integrity": "sha1-2smWtjj0qKTi4WKGOXI7BKY0xKE=",
      "requires": {
        "lodash": "4.17.11"
      },
      "dependencies": {
        "lodash": {
          "version": "4.17.11",
          "resolved": "http://registry.npm.alibaba-inc.com/lodash/download/lodash-4.17.11.tgz",
          "integrity": "sha1-s56mIp72B+zYniyN8SU2iRysm40="
        }
      }
    },
    "antd": {
      "version": "2.13.11",
      "resolved": "http://registry.npm.taobao.org/antd/download/antd-2.13.11.tgz",
      "integrity": "sha1-WcDB552wcJL6bujQD3dmjojHL7A=",
      "requires": {
        "array-tree-filter": "1.0.1",
        "babel-runtime": "6.26.0",
        "classnames": "2.2.5",
        "create-react-class": "15.6.3",
        "css-animation": "1.4.1",
        "dom-closest": "0.2.0",
        "lodash.debounce": "4.0.8",
        "moment": "2.20.1",
        "omit.js": "1.0.0",
        "prop-types": "15.6.0",
        "rc-animate": "2.4.4",
        "rc-calendar": "9.0.4",
        "rc-cascader": "0.11.6",
        "rc-checkbox": "2.0.3",
        "rc-collapse": "1.7.7",
        "rc-dialog": "6.5.11",
        "rc-dropdown": "1.5.1",
        "rc-editor-mention": "0.6.14",
        "rc-form": "1.4.8",
        "rc-input-number": "3.6.10",
        "rc-menu": "5.0.14",
        "rc-notification": "2.0.6",
        "rc-pagination": "1.12.12",
        "rc-progress": "2.2.5",
        "rc-rate": "2.1.1",
        "rc-select": "6.9.7",
        "rc-slider": "8.3.5",
        "rc-steps": "2.5.2",
        "rc-switch": "1.5.3",
        "rc-table": "5.6.13",
        "rc-tabs": "9.1.11",
        "rc-time-picker": "2.4.1",
        "rc-tooltip": "3.4.9",
        "rc-tree": "1.7.10",
        "rc-tree-select": "1.10.13",
        "rc-upload": "2.4.4",
        "rc-util": "4.3.1",
        "react-lazy-load": "3.0.13",
        "react-slick": "0.15.4",
        "shallowequal": "1.0.2",
        "warning": "3.0.0"
      },
      "dependencies": {
        "moment": {
          "version": "2.20.1",
          "resolved": "http://registry.npm.taobao.org/moment/download/moment-2.20.1.tgz",
          "integrity": "sha1-1usaRsvMFKKy+UNBEsH/iQfzE/0="
        }
      }
    },
    "array-tree-filter": {
      "version": "1.0.1",
      "resolved": "http://registry.npm.taobao.org/array-tree-filter/download/array-tree-filter-1.0.1.tgz",
      "integrity": "sha1-CorR7v04zoiFhjL5zAQj12NOTV0="
    },
    "array-uniq": {
      "version": "1.0.2",
      "resolved": "http://registry.npm.taobao.org/array-uniq/download/array-uniq-1.0.2.tgz",
      "integrity": "sha1-X8w3OSB3VyPP1k1lxkvvU7+eum0="
    },
    "asap": {
      "version": "2.0.6",
      "resolved": "http://registry.npm.taobao.org/asap/download/asap-2.0.6.tgz",
      "integrity": "sha1-5QNHYR1+aQlDIIu9r+vLwvuGbUY="
    },
    "async": {
      "version": "1.5.2",
      "resolved": "http://registry.npm.taobao.org/async/download/async-1.5.2.tgz",
      "integrity": "sha1-7GphrlZIDAw8skHJVhjiCJL5Zyo="
    },
    "async-validator": {
      "version": "1.8.2",
      "resolved": "http://registry.npm.taobao.org/async-validator/download/async-validator-1.8.2.tgz",
      "integrity": "sha1-t3WXIm6WJC+NUxwNRq4pX2JCK6Q=",
      "requires": {
        "babel-runtime": "6.26.0"
      }
    },
    "babel-runtime": {
      "version": "6.26.0",
      "resolved": "http://registry.npm.taobao.org/babel-runtime/download/babel-runtime-6.26.0.tgz",
      "integrity": "sha1-llxwWGaOgrVde/4E/yM3vItWR/4=",
      "requires": {
        "core-js": "2.5.3",
        "regenerator-runtime": "0.11.1"
      }
    },
    "bluebird": {
      "version": "3.5.1",
      "resolved": "http://registry.npm.taobao.org/bluebird/download/bluebird-3.5.1.tgz",
      "integrity": "sha1-2VUfnemPH82h5oPRfukaBgLuLrk="
    },
    "can-use-dom": {
      "version": "0.1.0",
      "resolved": "http://registry.npm.taobao.org/can-use-dom/download/can-use-dom-0.1.0.tgz",
      "integrity": "sha1-IsxKNKCrxDlQ9CxkEQJKP2NmtFo="
    },
    "classnames": {
      "version": "2.2.5",
      "resolved": "http://registry.npm.taobao.org/classnames/download/classnames-2.2.5.tgz",
      "integrity": "sha1-+zgB1FNGdknvNgPH1hoCvRKb3m0="
    },
    "codemirror": {
      "version": "5.34.0",
      "resolved": "http://registry.npm.taobao.org/codemirror/download/codemirror-5.34.0.tgz",
      "integrity": "sha1-40XcwJphSdtlzHDf+dOJwcSwzQY="
    },
    "component-classes": {
      "version": "1.2.6",
      "resolved": "http://registry.npm.taobao.org/component-classes/download/component-classes-1.2.6.tgz",
      "integrity": "sha1-xkI5TDYYpNiwuJGe/Mu9kw5c1pE=",
      "requires": {
        "component-indexof": "0.0.3"
      }
    },
    "component-indexof": {
      "version": "0.0.3",
      "resolved": "http://registry.npm.taobao.org/component-indexof/download/component-indexof-0.0.3.tgz",
      "integrity": "sha1-EdCRMSI5648yyPJa6csAL/6NPCQ="
    },
    "core-js": {
      "version": "2.5.3",
      "resolved": "http://registry.npm.taobao.org/core-js/download/core-js-2.5.3.tgz",
      "integrity": "sha1-isw4NFgk8W2DZbfJtCWRaOjtYD4="
    },
    "create-react-class": {
      "version": "15.6.3",
      "resolved": "http://registry.npm.taobao.org/create-react-class/download/create-react-class-15.6.3.tgz",
      "integrity": "sha1-LXMjf7P5cK5uvgEanmb0bbyoADY=",
      "requires": {
        "fbjs": "0.8.16",
        "loose-envify": "1.3.1",
        "object-assign": "4.1.1"
      }
    },
    "css-animation": {
      "version": "1.4.1",
      "resolved": "http://registry.npm.taobao.org/css-animation/download/css-animation-1.4.1.tgz",
      "integrity": "sha1-W4gTEl3g+7uwu+G0cq6EIhRpt6g=",
      "requires": {
        "babel-runtime": "6.26.0",
        "component-classes": "1.2.6"
      }
    },
    "deep-equal": {
      "version": "1.0.1",
      "resolved": "http://registry.npm.taobao.org/deep-equal/download/deep-equal-1.0.1.tgz",
      "integrity": "sha1-9dJgKStmDghO/0zbyfCK0yR0SLU="
    },
    "diff": {
      "version": "3.2.0",
      "resolved": "http://registry.npm.taobao.org/diff/download/diff-3.2.0.tgz",
      "integrity": "sha1-yc45Okt8vQsFinJck98pkCeGj/k="
    },
    "dom-align": {
      "version": "1.6.7",
      "resolved": "http://registry.npm.taobao.org/dom-align/download/dom-align-1.6.7.tgz",
      "integrity": "sha1-aFgTjvtrd0Bc6ZFG0L5eT3KCgT8="
    },
    "dom-closest": {
      "version": "0.2.0",
      "resolved": "http://registry.npm.taobao.org/dom-closest/download/dom-closest-0.2.0.tgz",
      "integrity": "sha1-69n5HRvyLo1vR3h2u80+yQIWwM8=",
      "requires": {
        "dom-matches": "2.0.0"
      }
    },
    "dom-matches": {
      "version": "2.0.0",
      "resolved": "http://registry.npm.taobao.org/dom-matches/download/dom-matches-2.0.0.tgz",
      "integrity": "sha1-0nKLQWqHUzmA6wibhI0lPPI6dYw="
    },
    "dom-scroll-into-view": {
      "version": "1.2.1",
      "resolved": "http://registry.npm.taobao.org/dom-scroll-into-view/download/dom-scroll-into-view-1.2.1.tgz",
      "integrity": "sha1-6PNnMt0ImwIBqI14Fdw/iObWbH4="
    },
    "draft-js": {
      "version": "0.10.5",
      "resolved": "http://registry.npm.taobao.org/draft-js/download/draft-js-0.10.5.tgz",
      "integrity": "sha1-v6m+sBj+BTPbsI1mdcNxprCPp0I=",
      "requires": {
        "fbjs": "0.8.16",
        "immutable": "3.7.6",
        "object-assign": "4.1.1"
      }
    },
    "echarts": {
      "version": "3.8.5",
      "resolved": "http://registry.npm.taobao.org/echarts/download/echarts-3.8.5.tgz",
      "integrity": "sha1-WOSlHSdDxvt1JXsNwKnPn1N4rA4=",
      "requires": {
        "zrender": "3.7.4"
      }
    },
    "encoding": {
      "version": "0.1.12",
      "resolved": "http://registry.npm.taobao.org/encoding/download/encoding-0.1.12.tgz",
      "integrity": "sha1-U4tm8+5izRq1HsMjgp0flIDHS+s=",
      "requires": {
        "iconv-lite": "0.4.19"
      }
    },
    "enquire.js": {
      "version": "2.1.6",
      "resolved": "http://registry.npm.taobao.org/enquire.js/download/enquire.js-2.1.6.tgz",
      "integrity": "sha1-PoeAybi4NQhMP2DhZtvDwqPImBQ="
    },
    "eventlistener": {
      "version": "0.0.1",
      "resolved": "http://registry.npm.taobao.org/eventlistener/download/eventlistener-0.0.1.tgz",
      "integrity": "sha1-7Suqu4UiJ68rz4iRUscsY8pTLrg="
    },
    "fbjs": {
      "version": "0.8.16",
      "resolved": "http://registry.npm.taobao.org/fbjs/download/fbjs-0.8.16.tgz",
      "integrity": "sha1-XmdDL1UNxBtXK/VYR7ispk5TN9s=",
      "requires": {
        "core-js": "1.2.7",
        "isomorphic-fetch": "2.2.1",
        "loose-envify": "1.3.1",
        "object-assign": "4.1.1",
        "promise": "7.3.1",
        "setimmediate": "1.0.5",
        "ua-parser-js": "0.7.17"
      },
      "dependencies": {
        "core-js": {
          "version": "1.2.7",
          "resolved": "http://registry.npm.taobao.org/core-js/download/core-js-1.2.7.tgz",
          "integrity": "sha1-ZSKUwUZR2yj6k70tX/KYOk8IxjY="
        }
      }
    },
    "hammerjs": {
      "version": "2.0.8",
      "resolved": "http://registry.npm.taobao.org/hammerjs/download/hammerjs-2.0.8.tgz",
      "integrity": "sha1-BO93hiz/K7edMPdpIJWTAiK/YPE="
    },
    "history": {
      "version": "2.1.2",
      "resolved": "http://registry.npm.taobao.org/history/download/history-2.1.2.tgz",
      "integrity": "sha1-SqLeiXoOSGfkU5hDvm7Nsphr/ew=",
      "requires": {
        "deep-equal": "1.0.1",
        "invariant": "2.2.2",
        "query-string": "3.0.3",
        "warning": "2.1.0"
      },
      "dependencies": {
        "warning": {
          "version": "2.1.0",
          "resolved": "http://registry.npm.taobao.org/warning/download/warning-2.1.0.tgz",
          "integrity": "sha1-ISINnGOvx3qMkhEeARr3Bc4MaQE=",
          "requires": {
            "loose-envify": "1.3.1"
          }
        }
      }
    },
    "hoist-non-react-statics": {
      "version": "1.2.0",
      "resolved": "http://registry.npm.taobao.org/hoist-non-react-statics/download/hoist-non-react-statics-1.2.0.tgz",
      "integrity": "sha1-qkSM8JhtVcxAdzsXF0t90GbLfPs="
    },
    "iconv-lite": {
      "version": "0.4.19",
      "resolved": "http://registry.npm.taobao.org/iconv-lite/download/iconv-lite-0.4.19.tgz",
      "integrity": "sha1-90aPYBNfXl2tM5nAqBvpoWA6CCs="
    },
    "immutable": {
      "version": "3.7.6",
      "resolved": "http://registry.npm.taobao.org/immutable/download/immutable-3.7.6.tgz",
      "integrity": "sha1-E7TTyxK++hVIKib+Gy665kAHHks="
    },
    "invariant": {
      "version": "2.2.2",
      "resolved": "http://registry.npm.taobao.org/invariant/download/invariant-2.2.2.tgz",
      "integrity": "sha1-nh9WrArNtr8wMwbzOL47IErmA2A=",
      "requires": {
        "loose-envify": "1.3.1"
      }
    },
    "is-stream": {
      "version": "1.1.0",
      "resolved": "http://registry.npm.taobao.org/is-stream/download/is-stream-1.1.0.tgz",
      "integrity": "sha1-EtSj3U5o4Lec6428hBc66A2RykQ="
    },
    "isomorphic-fetch": {
      "version": "2.2.1",
      "resolved": "http://registry.npm.taobao.org/isomorphic-fetch/download/isomorphic-fetch-2.2.1.tgz",
      "integrity": "sha1-YRrhrPFPXoH3KVB0coGf6XM1WKk=",
      "requires": {
        "node-fetch": "1.7.3",
        "whatwg-fetch": "2.0.3"
      }
    },
    "jquery": {
      "version": "2.1.4",
      "resolved": "http://registry.npm.taobao.org/jquery/download/jquery-2.1.4.tgz",
      "integrity": "sha1-IoveaYoMYUMdwmMKahVPFYkNIxc="
    },
    "js-tokens": {
      "version": "3.0.2",
      "resolved": "http://registry.npm.taobao.org/js-tokens/download/js-tokens-3.0.2.tgz",
      "integrity": "sha1-mGbfOVECEw449/mWvOtlRDIJwls="
    },
    "json2mq": {
      "version": "0.2.0",
      "resolved": "http://registry.npm.taobao.org/json2mq/download/json2mq-0.2.0.tgz",
      "integrity": "sha1-tje9O6nqvhIsg+lyBIOusQ0skEo=",
      "requires": {
        "string-convert": "0.2.1"
      }
    },
    "lodash": {
      "version": "4.11.2",
      "resolved": "http://registry.npm.taobao.org/lodash/download/lodash-4.11.2.tgz",
      "integrity": "sha1-1rQzixEKWOIdrlzrz9u/0rxM2zs="
    },
    "lodash-es": {
      "version": "4.17.4",
      "resolved": "http://registry.npm.taobao.org/lodash-es/download/lodash-es-4.17.4.tgz",
      "integrity": "sha1-3MHXVS4VCgZABzupyzHXDwMpUOc="
    },
    "lodash._getnative": {
      "version": "3.9.1",
      "resolved": "http://registry.npm.taobao.org/lodash._getnative/download/lodash._getnative-3.9.1.tgz",
      "integrity": "sha1-VwvH3t5G1hzc3mh9ZdPuy6o6r/U="
    },
    "lodash.debounce": {
      "version": "4.0.8",
      "resolved": "http://registry.npm.taobao.org/lodash.debounce/download/lodash.debounce-4.0.8.tgz",
      "integrity": "sha1-gteb/zCmfEAF/9XiUVMArZyk168="
    },
    "lodash.get": {
      "version": "4.4.2",
      "resolved": "http://registry.npm.taobao.org/lodash.get/download/lodash.get-4.4.2.tgz",
      "integrity": "sha1-LRd/ZS+jHpObRDjVNBSZ36OCXpk="
    },
    "lodash.isarguments": {
      "version": "3.1.0",
      "resolved": "http://registry.npm.taobao.org/lodash.isarguments/download/lodash.isarguments-3.1.0.tgz",
      "integrity": "sha1-L1c9hcaiQon/AGY7SRwdM4/zRYo="
    },
    "lodash.isarray": {
      "version": "3.0.4",
      "resolved": "http://registry.npm.taobao.org/lodash.isarray/download/lodash.isarray-3.0.4.tgz",
      "integrity": "sha1-eeTriMNqgSKvhvhEqpvNhRtfu1U="
    },
    "lodash.keys": {
      "version": "3.1.2",
      "resolved": "http://registry.npm.taobao.org/lodash.keys/download/lodash.keys-3.1.2.tgz",
      "integrity": "sha1-TbwEcrFWvlCgsoaFXRvQsMZWCYo=",
      "requires": {
        "lodash._getnative": "3.9.1",
        "lodash.isarguments": "3.1.0",
        "lodash.isarray": "3.0.4"
      }
    },
    "lodash.throttle": {
      "version": "4.1.1",
      "resolved": "http://registry.npm.taobao.org/lodash.throttle/download/lodash.throttle-4.1.1.tgz",
      "integrity": "sha1-wj6RtxAkKscMN/HhzaknTMOb8vQ="
    },
    "loose-envify": {
      "version": "1.3.1",
      "resolved": "http://registry.npm.taobao.org/loose-envify/download/loose-envify-1.3.1.tgz",
      "integrity": "sha1-0aitM/qc4OcT1l/dCsi3SNR4yEg=",
      "requires": {
        "js-tokens": "3.0.2"
      }
    },
    "moment": {
      "version": "2.13.0",
      "resolved": "http://registry.npm.taobao.org/moment/download/moment-2.13.0.tgz",
      "integrity": "sha1-JBYtmVIebUD5muaTnoBtITnqrFI="
    },
    "monaco-editor": {
      "version": "0.12.0",
      "resolved": "http://registry.npm.alibaba-inc.com/monaco-editor/download/monaco-editor-0.12.0.tgz",
      "integrity": "sha1-zYYhAXUmtXdGJFEE12S79SrUIoM="
    },
    "node-fetch": {
      "version": "1.7.3",
      "resolved": "http://registry.npm.taobao.org/node-fetch/download/node-fetch-1.7.3.tgz",
      "integrity": "sha1-mA9vcthSEaU0fGsrwYxbhMPrR+8=",
      "requires": {
        "encoding": "0.1.12",
        "is-stream": "1.1.0"
      }
    },
    "normalizr": {
      "version": "2.0.2",
      "resolved": "http://registry.npm.taobao.org/normalizr/download/normalizr-2.0.2.tgz",
      "integrity": "sha1-gOrDZlIN2vJ4MQMuzjxob8qJ3g4=",
      "requires": {
        "lodash": "4.11.2"
      }
    },
    "object-assign": {
      "version": "4.1.1",
      "resolved": "http://registry.npm.taobao.org/object-assign/download/object-assign-4.1.1.tgz",
      "integrity": "sha1-IQmtx5ZYh8/AXLvUQsrIv7s2CGM="
    },
    "omit.js": {
      "version": "1.0.0",
      "resolved": "http://registry.npm.taobao.org/omit.js/download/omit.js-1.0.0.tgz",
      "integrity": "sha1-4BPLhqdRe5z298+w3bQpclapkog=",
      "requires": {
        "babel-runtime": "6.26.0"
      }
    },
    "promise": {
      "version": "7.3.1",
      "resolved": "http://registry.npm.taobao.org/promise/download/promise-7.3.1.tgz",
      "integrity": "sha1-BktyYCsY+Q8pGSuLG8QY/9Hr078=",
      "requires": {
        "asap": "2.0.6"
      }
    },
    "prop-types": {
      "version": "15.6.0",
      "resolved": "http://registry.npm.taobao.org/prop-types/download/prop-types-15.6.0.tgz",
      "integrity": "sha1-zq8IMCL8RrSjX2nhPvda7Q1jmFY=",
      "requires": {
        "fbjs": "0.8.16",
        "loose-envify": "1.3.1",
        "object-assign": "4.1.1"
      }
    },
    "query-string": {
      "version": "3.0.3",
      "resolved": "http://registry.npm.taobao.org/query-string/download/query-string-3.0.3.tgz",
      "integrity": "sha1-ri4UtNBQcdTpuetIc8NbDc1C5jg=",
      "requires": {
        "strict-uri-encode": "1.1.0"
      }
    },
    "randomstring": {
      "version": "1.1.5",
      "resolved": "http://registry.npm.taobao.org/randomstring/download/randomstring-1.1.5.tgz",
      "integrity": "sha1-bfBij3XL1ZMpMNn+OrTpVqGFGMM=",
      "requires": {
        "array-uniq": "1.0.2"
      }
    },
    "rc-align": {
      "version": "2.3.5",
      "resolved": "http://registry.npm.taobao.org/rc-align/download/rc-align-2.3.5.tgz",
      "integrity": "sha1-UIXPpNaF7p0DC5r9KXHrNwxegKE=",
      "requires": {
        "babel-runtime": "6.26.0",
        "dom-align": "1.6.7",
        "prop-types": "15.6.0",
        "rc-util": "4.3.1"
      }
    },
    "rc-animate": {
      "version": "2.4.4",
      "resolved": "http://registry.npm.taobao.org/rc-animate/download/rc-animate-2.4.4.tgz",
      "integrity": "sha1-oFp4THR77vFA2Z/1K2EXcRvvSx4=",
      "requires": {
        "babel-runtime": "6.26.0",
        "css-animation": "1.4.1",
        "prop-types": "15.6.0"
      }
    },
    "rc-calendar": {
      "version": "9.0.4",
      "resolved": "http://registry.npm.taobao.org/rc-calendar/download/rc-calendar-9.0.4.tgz",
      "integrity": "sha1-NYEKjfZCj0+4Xo3r2we9jS6zxfU=",
      "requires": {
        "babel-runtime": "6.26.0",
        "classnames": "2.2.5",
        "create-react-class": "15.6.3",
        "moment": "2.13.0",
        "prop-types": "15.6.0",
        "rc-trigger": "1.11.5",
        "rc-util": "4.3.1"
      }
    },
    "rc-cascader": {
      "version": "0.11.6",
      "resolved": "http://registry.npm.taobao.org/rc-cascader/download/rc-cascader-0.11.6.tgz",
      "integrity": "sha1-fojPu3UAs5QaWUDPbpFWnFPjf50=",
      "requires": {
        "array-tree-filter": "1.0.1",
        "prop-types": "15.6.0",
        "rc-trigger": "1.11.5",
        "rc-util": "4.3.1",
        "shallow-equal": "1.0.0"
      }
    },
    "rc-checkbox": {
      "version": "2.0.3",
      "resolved": "http://registry.npm.taobao.org/rc-checkbox/download/rc-checkbox-2.0.3.tgz",
      "integrity": "sha1-Q2qdUIlI4iSYDwU16nOLSBd6jyU=",
      "requires": {
        "babel-runtime": "6.26.0",
        "classnames": "2.2.5",
        "prop-types": "15.6.0",
        "rc-util": "4.3.1"
      }
    },
    "rc-collapse": {
      "version": "1.7.7",
      "resolved": "http://registry.npm.taobao.org/rc-collapse/download/rc-collapse-1.7.7.tgz",
      "integrity": "sha1-Fsn+aR8BkfFsnC7aOZib/BoZ+is=",
      "requires": {
        "classnames": "2.2.5",
        "css-animation": "1.4.1",
        "prop-types": "15.6.0",
        "rc-animate": "2.4.4"
      }
    },
    "rc-dialog": {
      "version": "6.5.11",
      "resolved": "http://registry.npm.taobao.org/rc-dialog/download/rc-dialog-6.5.11.tgz",
      "integrity": "sha1-pu9NgaeAGlTpkjJzxgXdUh1/sUI=",
      "requires": {
        "babel-runtime": "6.26.0",
        "create-react-class": "15.6.3",
        "object-assign": "4.1.1",
        "rc-animate": "2.4.4",
        "rc-util": "4.3.1"
      }
    },
    "rc-dropdown": {
      "version": "1.5.1",
      "resolved": "http://registry.npm.taobao.org/rc-dropdown/download/rc-dropdown-1.5.1.tgz",
      "integrity": "sha1-YzNE9NGZivNbu5qdqdPtLyGHZ3Y=",
      "requires": {
        "prop-types": "15.6.0",
        "rc-trigger": "1.11.5"
      }
    },
    "rc-editor-core": {
      "version": "0.7.9",
      "resolved": "http://registry.npm.taobao.org/rc-editor-core/download/rc-editor-core-0.7.9.tgz",
      "integrity": "sha1-3+j6IPM66kG8rBykhJNLYA27dm0=",
      "requires": {
        "draft-js": "0.10.5",
        "immutable": "3.7.6",
        "lodash": "4.17.4",
        "prop-types": "15.6.0",
        "setimmediate": "1.0.5"
      },
      "dependencies": {
        "lodash": {
          "version": "4.17.4",
          "resolved": "http://registry.npm.taobao.org/lodash/download/lodash-4.17.4.tgz",
          "integrity": "sha1-eCA6TRwyiuHYbcpkYONptX9AVa4="
        }
      }
    },
    "rc-editor-mention": {
      "version": "0.6.14",
      "resolved": "http://registry.npm.taobao.org/rc-editor-mention/download/rc-editor-mention-0.6.14.tgz",
      "integrity": "sha1-xxq42UlgFCRiodpXHDxV5iG6HxQ=",
      "requires": {
        "classnames": "2.2.5",
        "dom-scroll-into-view": "1.2.1",
        "draft-js": "0.10.5",
        "immutable": "3.7.6",
        "prop-types": "15.6.0",
        "rc-animate": "2.4.4",
        "rc-editor-core": "0.7.9"
      }
    },
    "rc-form": {
      "version": "1.4.8",
      "resolved": "http://registry.npm.taobao.org/rc-form/download/rc-form-1.4.8.tgz",
      "integrity": "sha1-4mws2GE32UPC4plkB9c+n6BzscY=",
      "requires": {
        "async-validator": "1.8.2",
        "babel-runtime": "6.26.0",
        "create-react-class": "15.6.3",
        "dom-scroll-into-view": "1.2.1",
        "hoist-non-react-statics": "1.2.0",
        "lodash": "4.17.4",
        "warning": "3.0.0"
      },
      "dependencies": {
        "lodash": {
          "version": "4.17.4",
          "resolved": "http://registry.npm.taobao.org/lodash/download/lodash-4.17.4.tgz",
          "integrity": "sha1-eCA6TRwyiuHYbcpkYONptX9AVa4="
        }
      }
    },
    "rc-hammerjs": {
      "version": "0.6.9",
      "resolved": "http://registry.npm.taobao.org/rc-hammerjs/download/rc-hammerjs-0.6.9.tgz",
      "integrity": "sha1-mk3b2hsuyPm5WWCRpqmJhCokOQc=",
      "requires": {
        "babel-runtime": "6.26.0",
        "hammerjs": "2.0.8",
        "prop-types": "15.6.0"
      }
    },
    "rc-input-number": {
      "version": "3.6.10",
      "resolved": "http://registry.npm.taobao.org/rc-input-number/download/rc-input-number-3.6.10.tgz",
      "integrity": "sha1-ZR4X9y1+XEegfhJtue6NF2qoXC4=",
      "requires": {
        "babel-runtime": "6.26.0",
        "classnames": "2.2.5",
        "create-react-class": "15.6.3",
        "prop-types": "15.6.0",
        "rc-touchable": "1.2.3"
      }
    },
    "rc-menu": {
      "version": "5.0.14",
      "resolved": "http://registry.npm.taobao.org/rc-menu/download/rc-menu-5.0.14.tgz",
      "integrity": "sha1-c/2ObzUlB3uCXDTAMYOUvtzlc9Y=",
      "requires": {
        "babel-runtime": "6.26.0",
        "classnames": "2.2.5",
        "create-react-class": "15.6.3",
        "dom-scroll-into-view": "1.2.1",
        "prop-types": "15.6.0",
        "rc-animate": "2.4.4",
        "rc-util": "4.3.1"
      }
    },
    "rc-notification": {
      "version": "2.0.6",
      "resolved": "http://registry.npm.taobao.org/rc-notification/download/rc-notification-2.0.6.tgz",
      "integrity": "sha1-dvP3HZQjv0YDoC16oMSwlKRrjGc=",
      "requires": {
        "babel-runtime": "6.26.0",
        "classnames": "2.2.5",
        "prop-types": "15.6.0",
        "rc-animate": "2.4.4",
        "rc-util": "4.3.1"
      }
    },
    "rc-pagination": {
      "version": "1.12.12",
      "resolved": "http://registry.npm.taobao.org/rc-pagination/download/rc-pagination-1.12.12.tgz",
      "integrity": "sha1-BgnHsy9DrhWLjZCT/+7IHl1FjZE=",
      "requires": {
        "babel-runtime": "6.26.0",
        "prop-types": "15.6.0"
      }
    },
    "rc-progress": {
      "version": "2.2.5",
      "resolved": "http://registry.npm.taobao.org/rc-progress/download/rc-progress-2.2.5.tgz",
      "integrity": "sha1-5h0FRL+dQgjlujL8UJYhWef5UqM=",
      "requires": {
        "babel-runtime": "6.26.0",
        "prop-types": "15.6.0"
      }
    },
    "rc-rate": {
      "version": "2.1.1",
      "resolved": "http://registry.npm.taobao.org/rc-rate/download/rc-rate-2.1.1.tgz",
      "integrity": "sha1-iK7aiz1kcLuuT2UYxlKgKpWb3cU=",
      "requires": {
        "classnames": "2.2.5",
        "prop-types": "15.6.0"
      }
    },
    "rc-select": {
      "version": "6.9.7",
      "resolved": "http://registry.npm.taobao.org/rc-select/download/rc-select-6.9.7.tgz",
      "integrity": "sha1-cnQdDtq6NvGt/a+CO87L2sBXBl0=",
      "requires": {
        "babel-runtime": "6.26.0",
        "classnames": "2.2.5",
        "component-classes": "1.2.6",
        "dom-scroll-into-view": "1.2.1",
        "prop-types": "15.6.0",
        "rc-animate": "2.4.4",
        "rc-menu": "5.0.14",
        "rc-trigger": "1.11.5",
        "rc-util": "4.3.1",
        "warning": "3.0.0"
      }
    },
    "rc-slider": {
      "version": "8.3.5",
      "resolved": "http://registry.npm.taobao.org/rc-slider/download/rc-slider-8.3.5.tgz",
      "integrity": "sha1-QfiKuV3r4IkTne7nEgxuFRJgtS0=",
      "requires": {
        "babel-runtime": "6.26.0",
        "classnames": "2.2.5",
        "prop-types": "15.6.0",
        "rc-tooltip": "3.4.9",
        "rc-util": "4.3.1",
        "shallowequal": "1.0.2",
        "warning": "3.0.0"
      }
    },
    "rc-steps": {
      "version": "2.5.2",
      "resolved": "http://registry.npm.taobao.org/rc-steps/download/rc-steps-2.5.2.tgz",
      "integrity": "sha1-L/LgM0i6jMQRTwVo5CCt1u4nP64=",
      "requires": {
        "classnames": "2.2.5",
        "lodash.debounce": "4.0.8",
        "prop-types": "15.6.0"
      }
    },
    "rc-switch": {
      "version": "1.5.3",
      "resolved": "http://registry.npm.taobao.org/rc-switch/download/rc-switch-1.5.3.tgz",
      "integrity": "sha1-KDwmCLrFfr183EAzJp3hS2dT6zk=",
      "requires": {
        "babel-runtime": "6.26.0",
        "classnames": "2.2.5",
        "prop-types": "15.6.0"
      }
    },
    "rc-table": {
      "version": "5.6.13",
      "resolved": "http://registry.npm.taobao.org/rc-table/download/rc-table-5.6.13.tgz",
      "integrity": "sha1-ynMCHcajqgryhG0H7oDAHHE/8N4=",
      "requires": {
        "babel-runtime": "6.26.0",
        "component-classes": "1.2.6",
        "lodash.get": "4.4.2",
        "prop-types": "15.6.0",
        "rc-util": "4.3.1",
        "shallowequal": "0.2.2",
        "warning": "3.0.0"
      },
      "dependencies": {
        "shallowequal": {
          "version": "0.2.2",
          "resolved": "http://registry.npm.taobao.org/shallowequal/download/shallowequal-0.2.2.tgz",
          "integrity": "sha1-HjL9W8q2rWiKSBLLDMBO/HXHAU4=",
          "requires": {
            "lodash.keys": "3.1.2"
          }
        }
      }
    },
    "rc-tabs": {
      "version": "9.1.11",
      "resolved": "http://registry.npm.taobao.org/rc-tabs/download/rc-tabs-9.1.11.tgz",
      "integrity": "sha1-yyWdMStLI49OWpDcDvuIAA2OlTU=",
      "requires": {
        "babel-runtime": "6.26.0",
        "classnames": "2.2.5",
        "create-react-class": "15.6.3",
        "lodash.debounce": "4.0.8",
        "prop-types": "15.6.0",
        "rc-hammerjs": "0.6.9",
        "rc-util": "4.3.1",
        "warning": "3.0.0"
      }
    },
    "rc-time-picker": {
      "version": "2.4.1",
      "resolved": "http://registry.npm.taobao.org/rc-time-picker/download/rc-time-picker-2.4.1.tgz",
      "integrity": "sha1-B049EgjogO2w2Zp7nMFbk1BdqMY=",
      "requires": {
        "babel-runtime": "6.26.0",
        "classnames": "2.2.5",
        "moment": "2.13.0",
        "prop-types": "15.6.0",
        "rc-trigger": "1.11.5"
      }
    },
    "rc-tooltip": {
      "version": "3.4.9",
      "resolved": "http://registry.npm.taobao.org/rc-tooltip/download/rc-tooltip-3.4.9.tgz",
      "integrity": "sha1-b5nsu+OSWBBEf+DOgabtT3IdqMU=",
      "requires": {
        "babel-runtime": "6.26.0",
        "prop-types": "15.6.0",
        "rc-trigger": "1.11.5"
      }
    },
    "rc-touchable": {
      "version": "1.2.3",
      "resolved": "http://registry.npm.taobao.org/rc-touchable/download/rc-touchable-1.2.3.tgz",
      "integrity": "sha1-X0mDJOPQubpgGpxINJWOqixxNhg=",
      "requires": {
        "babel-runtime": "6.26.0"
      }
    },
    "rc-tree": {
      "version": "1.7.10",
      "resolved": "http://registry.npm.taobao.org/rc-tree/download/rc-tree-1.7.10.tgz",
      "integrity": "sha1-jZPXP6OpHr9t3k66qY51CpyP4VQ=",
      "requires": {
        "babel-runtime": "6.26.0",
        "classnames": "2.2.5",
        "prop-types": "15.6.0",
        "rc-animate": "2.4.4",
        "rc-util": "4.3.1",
        "warning": "3.0.0"
      }
    },
    "rc-tree-select": {
      "version": "1.10.13",
      "resolved": "http://registry.npm.taobao.org/rc-tree-select/download/rc-tree-select-1.10.13.tgz",
      "integrity": "sha1-qawuGjTM/E4eqRtDiySMw7IQwtk=",
      "requires": {
        "babel-runtime": "6.26.0",
        "classnames": "2.2.5",
        "object-assign": "4.1.1",
        "prop-types": "15.6.0",
        "rc-animate": "2.4.4",
        "rc-tree": "1.7.10",
        "rc-trigger": "1.11.5",
        "rc-util": "4.3.1"
      }
    },
    "rc-trigger": {
      "version": "1.11.5",
      "resolved": "http://registry.npm.taobao.org/rc-trigger/download/rc-trigger-1.11.5.tgz",
      "integrity": "sha1-+I+fhODnn44O8cjRv4rCIItxViA=",
      "requires": {
        "babel-runtime": "6.26.0",
        "create-react-class": "15.6.3",
        "prop-types": "15.6.0",
        "rc-align": "2.3.5",
        "rc-animate": "2.4.4",
        "rc-util": "4.3.1"
      }
    },
    "rc-upload": {
      "version": "2.4.4",
      "resolved": "http://registry.npm.taobao.org/rc-upload/download/rc-upload-2.4.4.tgz",
      "integrity": "sha1-KOHmo+RNGx+S5X4hknz6J2OsKiE=",
      "requires": {
        "babel-runtime": "6.26.0",
        "classnames": "2.2.5",
        "prop-types": "15.6.0",
        "warning": "2.1.0"
      },
      "dependencies": {
        "warning": {
          "version": "2.1.0",
          "resolved": "http://registry.npm.taobao.org/warning/download/warning-2.1.0.tgz",
          "integrity": "sha1-ISINnGOvx3qMkhEeARr3Bc4MaQE=",
          "requires": {
            "loose-envify": "1.3.1"
          }
        }
      }
    },
    "rc-util": {
      "version": "4.3.1",
      "resolved": "http://registry.npm.taobao.org/rc-util/download/rc-util-4.3.1.tgz",
      "integrity": "sha1-efCtsw9EnBsp18XNstgsGTkgw2I=",
      "requires": {
        "add-dom-event-listener": "1.0.2",
        "babel-runtime": "6.26.0",
        "prop-types": "15.6.0",
        "shallowequal": "0.2.2"
      },
      "dependencies": {
        "shallowequal": {
          "version": "0.2.2",
          "resolved": "http://registry.npm.taobao.org/shallowequal/download/shallowequal-0.2.2.tgz",
          "integrity": "sha1-HjL9W8q2rWiKSBLLDMBO/HXHAU4=",
          "requires": {
            "lodash.keys": "3.1.2"
          }
        }
      }
    },
    "react": {
      "version": "15.3.2",
      "resolved": "http://registry.npm.taobao.org/react/download/react-15.3.2.tgz",
      "integrity": "sha1-p7zNL+6K8SawMX4iLCjR1UUo0J4=",
      "requires": {
        "fbjs": "0.8.16",
        "loose-envify": "1.3.1",
        "object-assign": "4.1.1"
      }
    },
    "react-codemirror": {
      "version": "0.3.0",
      "resolved": "http://registry.npm.taobao.org/react-codemirror/download/react-codemirror-0.3.0.tgz",
      "integrity": "sha1-zWvW70WOweA1z9iz/nswyMeIPGw=",
      "requires": {
        "classnames": "2.2.5",
        "codemirror": "5.34.0",
        "lodash.debounce": "4.0.8"
      }
    },
    "react-dom": {
      "version": "15.3.2",
      "resolved": "http://registry.npm.taobao.org/react-dom/download/react-dom-15.3.2.tgz",
      "integrity": "sha1-xGsKpTgNe4OOelnEp77/LtMVUx8="
    },
    "react-lazy-load": {
      "version": "3.0.13",
      "resolved": "http://registry.npm.taobao.org/react-lazy-load/download/react-lazy-load-3.0.13.tgz",
      "integrity": "sha1-OwqS0zbUPT8Nc8vm81sXBQsIuCQ=",
      "requires": {
        "eventlistener": "0.0.1",
        "lodash.debounce": "4.0.8",
        "lodash.throttle": "4.1.1",
        "prop-types": "15.6.0"
      }
    },
    "react-redux": {
      "version": "4.4.8",
      "resolved": "http://registry.npm.taobao.org/react-redux/download/react-redux-4.4.8.tgz",
      "integrity": "sha1-57wd0QDotk6WrIIS2xEyObni4I8=",
      "requires": {
        "create-react-class": "15.6.3",
        "hoist-non-react-statics": "1.2.0",
        "invariant": "2.2.2",
        "lodash": "4.11.2",
        "loose-envify": "1.3.1",
        "prop-types": "15.6.0"
      }
    },
    "react-router": {
      "version": "2.5.2",
      "resolved": "http://registry.npm.taobao.org/react-router/download/react-router-2.5.2.tgz",
      "integrity": "sha1-HB/JU2Y5PJbB+0kywFBhKBlrEgM=",
      "requires": {
        "history": "2.1.2",
        "hoist-non-react-statics": "1.2.0",
        "invariant": "2.2.2",
        "loose-envify": "1.3.1",
        "warning": "2.1.0"
      },
      "dependencies": {
        "warning": {
          "version": "2.1.0",
          "resolved": "http://registry.npm.taobao.org/warning/download/warning-2.1.0.tgz",
          "integrity": "sha1-ISINnGOvx3qMkhEeARr3Bc4MaQE=",
          "requires": {
            "loose-envify": "1.3.1"
          }
        }
      }
    },
    "react-router-redux": {
      "version": "4.0.8",
      "resolved": "http://registry.npm.taobao.org/react-router-redux/download/react-router-redux-4.0.8.tgz",
      "integrity": "sha1-InQDWWtRUeGCN32rg1tdRfD4BU4="
    },
    "react-slick": {
      "version": "0.15.4",
      "resolved": "http://registry.npm.taobao.org/react-slick/download/react-slick-0.15.4.tgz",
      "integrity": "sha1-ZwnIewbnZA/urMBnEb5CzCBmqr4=",
      "requires": {
        "can-use-dom": "0.1.0",
        "classnames": "2.2.5",
        "create-react-class": "15.6.3",
        "enquire.js": "2.1.6",
        "json2mq": "0.2.0",
        "object-assign": "4.1.1",
        "slick-carousel": "1.8.1"
      }
    },
    "redux": {
      "version": "3.5.2",
      "resolved": "http://registry.npm.taobao.org/redux/download/redux-3.5.2.tgz",
      "integrity": "sha1-RTN0XpcLZH7CYGaoOqMOnib6+EM=",
      "requires": {
        "lodash": "4.11.2",
        "lodash-es": "4.17.4",
        "loose-envify": "1.3.1",
        "symbol-observable": "0.2.4"
      }
    },
    "redux-logger": {
      "version": "2.6.1",
      "resolved": "http://registry.npm.taobao.org/redux-logger/download/redux-logger-2.6.1.tgz",
      "integrity": "sha1-9VikDjq9A/6vTmms5Ncf7AmAPHQ="
    },
    "redux-thunk": {
      "version": "2.1.2",
      "resolved": "http://registry.npm.taobao.org/redux-thunk/download/redux-thunk-2.1.2.tgz",
      "integrity": "sha1-xpjtc006dEjdDemGWg+0ExLC13k="
    },
    "regenerator-runtime": {
      "version": "0.11.1",
      "resolved": "http://registry.npm.taobao.org/regenerator-runtime/download/regenerator-runtime-0.11.1.tgz",
      "integrity": "sha1-vgWtf5v30i4Fb5cmzuUBf78Z4uk="
    },
    "seamless-immutable": {
      "version": "7.1.3",
      "resolved": "http://registry.npm.taobao.org/seamless-immutable/download/seamless-immutable-7.1.3.tgz",
      "integrity": "sha1-0yqKICozHf+mnkBpo2eiFZJSSQ4="
    },
    "setimmediate": {
      "version": "1.0.5",
      "resolved": "http://registry.npm.taobao.org/setimmediate/download/setimmediate-1.0.5.tgz",
      "integrity": "sha1-KQy7Iy4waULX1+qbg3Mqt4VvgoU="
    },
    "shallow-equal": {
      "version": "1.0.0",
      "resolved": "http://registry.npm.taobao.org/shallow-equal/download/shallow-equal-1.0.0.tgz",
      "integrity": "sha1-UI0YOLPeWQq4dXsBGyXkMJAJRfc="
    },
    "shallowequal": {
      "version": "1.0.2",
      "resolved": "http://registry.npm.taobao.org/shallowequal/download/shallowequal-1.0.2.tgz",
      "integrity": "sha1-FWHb3vuMAUCBADGQhXZNo/z4P48="
    },
    "slick-carousel": {
      "version": "1.8.1",
      "resolved": "http://registry.npm.taobao.org/slick-carousel/download/slick-carousel-1.8.1.tgz",
      "integrity": "sha1-pL+ykBSIe7Zs5Si5C9DNomLMj40="
    },
    "strict-uri-encode": {
      "version": "1.1.0",
      "resolved": "http://registry.npm.taobao.org/strict-uri-encode/download/strict-uri-encode-1.1.0.tgz",
      "integrity": "sha1-J5siXfHVgrH1TmWt3UNS4Y+qBxM="
    },
    "string-convert": {
      "version": "0.2.1",
      "resolved": "http://registry.npm.taobao.org/string-convert/download/string-convert-0.2.1.tgz",
      "integrity": "sha1-aYLMMEn7tM2F+LJFaLnZvznu/5c="
    },
    "symbol-observable": {
      "version": "0.2.4",
      "resolved": "http://registry.npm.taobao.org/symbol-observable/download/symbol-observable-0.2.4.tgz",
      "integrity": "sha1-lag9smGG1q9+ehjb2XYKL4bQj0A="
    },
    "thunkify": {
      "version": "2.1.2",
      "resolved": "http://registry.npm.taobao.org/thunkify/download/thunkify-2.1.2.tgz",
      "integrity": "sha1-+qDp0jDFGsyVyhOjYawFyn4EVT0="
    },
    "ua-parser-js": {
      "version": "0.7.17",
      "resolved": "http://registry.npm.taobao.org/ua-parser-js/download/ua-parser-js-0.7.17.tgz",
      "integrity": "sha1-6exflJi57JEOeuOsYmqAXE0J7Kw="
    },
    "warning": {
      "version": "3.0.0",
      "resolved": "http://registry.npm.taobao.org/warning/download/warning-3.0.0.tgz",
      "integrity": "sha1-MuU3fLVy3kqwR1O9+IIcAe1gW3w=",
      "requires": {
        "loose-envify": "1.3.1"
      }
    },
    "whatwg-fetch": {
      "version": "2.0.3",
      "resolved": "http://registry.npm.taobao.org/whatwg-fetch/download/whatwg-fetch-2.0.3.tgz",
      "integrity": "sha1-nITsLc9oGH/wC8ZOEnS0QhduHIQ="
    },
    "zrender": {
      "version": "3.7.4",
      "resolved": "http://registry.npm.taobao.org/zrender/download/zrender-3.7.4.tgz",
      "integrity": "sha1-+EfVOUhIHvbUKQbR6prux6y+/fI="
    }
  }
}
